
Microsoft Visual Studio Solution File, Format Version 12.00
# Visual Studio Version 16
VisualStudioVersion = 16.0.29215.179
MinimumVisualStudioVersion = 10.0.40219.1
Project("{8BC9CEB8-8B4A-11D0-8D11-00A0C91BC942}") = "10_10_2019", "10_10_2019\10_10_2019.vcxproj", "{9062E3B2-4E36-4611-B47B-0E3061BCF567}"
EndProject
Global
	GlobalSection(SolutionConfigurationPlatforms) = preSolution
		Debug|x64 = Debug|x64
		Debug|x86 = Debug|x86
		Release|x64 = Release|x64
		Release|x86 = Release|x86
	EndGlobalSection
	GlobalSection(ProjectConfigurationPlatforms) = postSolution
		{9062E3B2-4E36-4611-B47B-0E3061BCF567}.Debug|x64.ActiveCfg = Debug|x64
		{9062E3B2-4E36-4611-B47B-0E3061BCF567}.Debug|x64.Build.0 = Debug|x64
		{9062E3B2-4E36-4611-B47B-0E3061BCF567}.Debug|x86.ActiveCfg = Debug|Win32
		{9062E3B2-4E36-4611-B47B-0E3061BCF567}.Debug|x86.Build.0 = Debug|Win32
		{9062E3B2-4E36-4611-B47B-0E3061BCF567}.Release|x64.ActiveCfg = Release|x64
		{9062E3B2-4E36-4611-B47B-0E3061BCF567}.Release|x64.Build.0 = Release|x64
		{9062E3B2-4E36-4611-B47B-0E3061BCF567}.Release|x86.ActiveCfg = Release|Win32
		{9062E3B2-4E36-4611-B47B-0E3061BCF567}.Release|x86.Build.0 = Release|Win32
	EndGlobalSection
	GlobalSection(SolutionProperties) = preSolution
		HideSolutionNode = FALSE
	EndGlobalSection
	GlobalSection(ExtensibilityGlobals) = postSolution
		SolutionGuid = {529D7033-3F15-4035-95BF-EFEE9C90D402}
	EndGlobalSection
EndGlobal
